
Microsoft Visual Studio Solution File, Format Version 12.00
# Visual Studio Version 16
VisualStudioVersion = 16.0.31402.337
MinimumVisualStudioVersion = 10.0.40219.1
Project("{FAE04EC0-301F-11D3-BF4B-00C04F79EFBC}") = "Ex4", "Ex4\Ex4.csproj", "{38C2A560-170B-4686-AACE-84DF7FB9F31C}"
EndProject
Global
	GlobalSection(SolutionConfigurationPlatforms) = preSolution
		Debug|Any CPU = Debug|Any CPU
		Release|Any CPU = Release|Any CPU
	EndGlobalSection
	GlobalSection(ProjectConfigurationPlatforms) = postSolution
		{38C2A560-170B-4686-AACE-84DF7FB9F31C}.Debug|Any CPU.ActiveCfg = Debug|Any CPU
		{38C2A560-170B-4686-AACE-84DF7FB9F31C}.Debug|Any CPU.Build.0 = Debug|Any CPU
		{38C2A560-170B-4686-AACE-84DF7FB9F31C}.Release|Any CPU.ActiveCfg = Release|Any CPU
		{38C2A560-170B-4686-AACE-84DF7FB9F31C}.Release|Any CPU.Build.0 = Release|Any CPU
	EndGlobalSection
	GlobalSection(SolutionProperties) = preSolution
		HideSolutionNode = FALSE
	EndGlobalSection
	GlobalSection(ExtensibilityGlobals) = postSolution
		SolutionGuid = {C0D7FE82-1757-4553-892A-BBE5A8E0F610}
	EndGlobalSection
EndGlobal
